
Microsoft Visual Studio Solution File, Format Version 12.00
# Visual Studio Version 16
VisualStudioVersion = 16.0.31320.298
MinimumVisualStudioVersion = 10.0.40219.1
Project("{9A19103F-16F7-4668-BE54-9A1E7A4F7556}") = "ApiCatalog", "ApiCatalog\ApiCatalog.csproj", "{19E73CCA-0A90-4183-9B5B-ED65A2A4B8D5}"
EndProject
Project("{9A19103F-16F7-4668-BE54-9A1E7A4F7556}") = "ApiStocks", "ApiStocks\ApiStocks.csproj", "{A8D255D4-B8EF-4FD8-A93B-2BED08233CD3}"
EndProject
Project("{9A19103F-16F7-4668-BE54-9A1E7A4F7556}") = "ApiOrders", "ApiOrders\ApiOrders.csproj", "{487146DD-C336-4974-BB65-5531D8CD42B6}"
EndProject
Project("{9A19103F-16F7-4668-BE54-9A1E7A4F7556}") = "ApiDeliveries", "ApiDeliveries\ApiDeliveries.csproj", "{DDD448C3-0DCE-4D8D-AEAA-7B90ED6D5F03}"
EndProject
Project("{9A19103F-16F7-4668-BE54-9A1E7A4F7556}") = "Front", "Front\Front.csproj", "{1983B47F-5715-4007-BDD2-D460AC17143C}"
EndProject
Global
	GlobalSection(SolutionConfigurationPlatforms) = preSolution
		Debug|Any CPU = Debug|Any CPU
		Release|Any CPU = Release|Any CPU
	EndGlobalSection
	GlobalSection(ProjectConfigurationPlatforms) = postSolution
		{19E73CCA-0A90-4183-9B5B-ED65A2A4B8D5}.Debug|Any CPU.ActiveCfg = Debug|Any CPU
		{19E73CCA-0A90-4183-9B5B-ED65A2A4B8D5}.Debug|Any CPU.Build.0 = Debug|Any CPU
		{19E73CCA-0A90-4183-9B5B-ED65A2A4B8D5}.Release|Any CPU.ActiveCfg = Release|Any CPU
		{19E73CCA-0A90-4183-9B5B-ED65A2A4B8D5}.Release|Any CPU.Build.0 = Release|Any CPU
		{A8D255D4-B8EF-4FD8-A93B-2BED08233CD3}.Debug|Any CPU.ActiveCfg = Debug|Any CPU
		{A8D255D4-B8EF-4FD8-A93B-2BED08233CD3}.Debug|Any CPU.Build.0 = Debug|Any CPU
		{A8D255D4-B8EF-4FD8-A93B-2BED08233CD3}.Release|Any CPU.ActiveCfg = Release|Any CPU
		{A8D255D4-B8EF-4FD8-A93B-2BED08233CD3}.Release|Any CPU.Build.0 = Release|Any CPU
		{487146DD-C336-4974-BB65-5531D8CD42B6}.Debug|Any CPU.ActiveCfg = Debug|Any CPU
		{487146DD-C336-4974-BB65-5531D8CD42B6}.Debug|Any CPU.Build.0 = Debug|Any CPU
		{487146DD-C336-4974-BB65-5531D8CD42B6}.Release|Any CPU.ActiveCfg = Release|Any CPU
		{487146DD-C336-4974-BB65-5531D8CD42B6}.Release|Any CPU.Build.0 = Release|Any CPU
		{DDD448C3-0DCE-4D8D-AEAA-7B90ED6D5F03}.Debug|Any CPU.ActiveCfg = Debug|Any CPU
		{DDD448C3-0DCE-4D8D-AEAA-7B90ED6D5F03}.Debug|Any CPU.Build.0 = Debug|Any CPU
		{DDD448C3-0DCE-4D8D-AEAA-7B90ED6D5F03}.Release|Any CPU.ActiveCfg = Release|Any CPU
		{DDD448C3-0DCE-4D8D-AEAA-7B90ED6D5F03}.Release|Any CPU.Build.0 = Release|Any CPU
		{1983B47F-5715-4007-BDD2-D460AC17143C}.Debug|Any CPU.ActiveCfg = Debug|Any CPU
		{1983B47F-5715-4007-BDD2-D460AC17143C}.Debug|Any CPU.Build.0 = Debug|Any CPU
		{1983B47F-5715-4007-BDD2-D460AC17143C}.Release|Any CPU.ActiveCfg = Release|Any CPU
		{1983B47F-5715-4007-BDD2-D460AC17143C}.Release|Any CPU.Build.0 = Release|Any CPU
	EndGlobalSection
	GlobalSection(SolutionProperties) = preSolution
		HideSolutionNode = FALSE
	EndGlobalSection
	GlobalSection(ExtensibilityGlobals) = postSolution
		SolutionGuid = {D9BA8844-7E1B-4776-A28A-68FA324DD8FF}
	EndGlobalSection
EndGlobal
